# THIS IS AN AUTOGENERATED FILE. DO NOT EDIT THIS FILE DIRECTLY.
# yarn lockfile v1


kevast@^0.0.2:
  version "0.0.2"
  resolved "https://registry.npmjs.org/kevast/-/kevast-0.0.2.tgz#b55e0d1d1d8426588ed0dc20b0d44efac2c89d93"
  integrity sha512-6OtJZhPajOF2MOwq0CyV7+p2fdK57uENNqB0z9BChfICQ7gy4pK2vCZKxbXjjFqlyDAJuiFGR/1qd2dmKq8V2A==
